
Microsoft Visual Studio Solution File, Format Version 12.00
# Visual Studio Version 17
VisualStudioVersion = 17.1.32210.238
MinimumVisualStudioVersion = 10.0.40219.1
Project("{9A19103F-16F7-4668-BE54-9A1E7A4F7556}") = "CSharpConsole", "CSharpConsole\CSharpConsole.csproj", "{5F3207B1-BC99-432E-98E5-77F8C5CF5C0E}"
EndProject
Project("{FAE04EC0-301F-11D3-BF4B-00C04F79EFBC}") = "MyFirstWpfApp", "MyFirstWpfApp\MyFirstWpfApp.csproj", "{BD024055-48F1-46B9-89A8-99FCB888A939}"
EndProject
Project("{FAE04EC0-301F-11D3-BF4B-00C04F79EFBC}") = "EFTest", "EFTest\EFTest.csproj", "{7973F482-DF4D-404E-A99E-1040D86DC1E3}"
EndProject
Project("{9A19103F-16F7-4668-BE54-9A1E7A4F7556}") = "EFTestNET", "EFTestNET\EFTestNET.csproj", "{6A5248EB-FACD-404D-B805-452BD5881A64}"
EndProject
Global
	GlobalSection(SolutionConfigurationPlatforms) = preSolution
		Debug|Any CPU = Debug|Any CPU
		Release|Any CPU = Release|Any CPU
	EndGlobalSection
	GlobalSection(ProjectConfigurationPlatforms) = postSolution
		{5F3207B1-BC99-432E-98E5-77F8C5CF5C0E}.Debug|Any CPU.ActiveCfg = Debug|Any CPU
		{5F3207B1-BC99-432E-98E5-77F8C5CF5C0E}.Debug|Any CPU.Build.0 = Debug|Any CPU
		{5F3207B1-BC99-432E-98E5-77F8C5CF5C0E}.Release|Any CPU.ActiveCfg = Release|Any CPU
		{5F3207B1-BC99-432E-98E5-77F8C5CF5C0E}.Release|Any CPU.Build.0 = Release|Any CPU
		{BD024055-48F1-46B9-89A8-99FCB888A939}.Debug|Any CPU.ActiveCfg = Debug|Any CPU
		{BD024055-48F1-46B9-89A8-99FCB888A939}.Debug|Any CPU.Build.0 = Debug|Any CPU
		{BD024055-48F1-46B9-89A8-99FCB888A939}.Release|Any CPU.ActiveCfg = Release|Any CPU
		{BD024055-48F1-46B9-89A8-99FCB888A939}.Release|Any CPU.Build.0 = Release|Any CPU
		{7973F482-DF4D-404E-A99E-1040D86DC1E3}.Debug|Any CPU.ActiveCfg = Debug|Any CPU
		{7973F482-DF4D-404E-A99E-1040D86DC1E3}.Debug|Any CPU.Build.0 = Debug|Any CPU
		{7973F482-DF4D-404E-A99E-1040D86DC1E3}.Release|Any CPU.ActiveCfg = Release|Any CPU
		{7973F482-DF4D-404E-A99E-1040D86DC1E3}.Release|Any CPU.Build.0 = Release|Any CPU
		{6A5248EB-FACD-404D-B805-452BD5881A64}.Debug|Any CPU.ActiveCfg = Debug|Any CPU
		{6A5248EB-FACD-404D-B805-452BD5881A64}.Debug|Any CPU.Build.0 = Debug|Any CPU
		{6A5248EB-FACD-404D-B805-452BD5881A64}.Release|Any CPU.ActiveCfg = Release|Any CPU
		{6A5248EB-FACD-404D-B805-452BD5881A64}.Release|Any CPU.Build.0 = Release|Any CPU
	EndGlobalSection
	GlobalSection(SolutionProperties) = preSolution
		HideSolutionNode = FALSE
	EndGlobalSection
	GlobalSection(ExtensibilityGlobals) = postSolution
		SolutionGuid = {0B3027B4-4526-493E-A6D4-4434ABB28E4F}
	EndGlobalSection
EndGlobal
